// !$*UTF8*$!
{
	archiveVersion = 1;
	classes = {
	};
	objectVersion = 46;
	objects = {

/* Begin PBXAggregateTarget section */
		A724D7C81A1954DD0041A04A /* Mogenerator */ = {
			isa = PBXAggregateTarget;
			buildConfigurationList = A724D7C91A1954DE0041A04A /* Build configuration list for PBXAggregateTarget "Mogenerator" */;
			buildPhases = (
				A724D7CC1A1954E60041A04A /* ShellScript */,
			);
			dependencies = (
			);
			name = Mogenerator;
			productName = Mogenerator;
		};
/* End PBXAggregateTarget section */

/* Begin PBXBuildFile section */
		8F2AAEC8AFCBE5369483B074 /* libPods-Esther.a in Frameworks */ = {isa = PBXBuildFile; fileRef = A2C3E094C6DBC62EF8C309FF /* libPods-Esther.a */; };
		A717E86A1A2661A700681DEC /* EstherLaunchScreen.png in Resources */ = {isa = PBXBuildFile; fileRef = A717E8691A2661A700681DEC /* EstherLaunchScreen.png */; };
		A724D7921A191BEE0041A04A /* main.m in Sources */ = {isa = PBXBuildFile; fileRef = A724D7911A191BEE0041A04A /* main.m */; };
		A724D7951A191BEE0041A04A /* AppDelegate.m in Sources */ = {isa = PBXBuildFile; fileRef = A724D7941A191BEE0041A04A /* AppDelegate.m */; };
		A724D7981A191BEE0041A04A /* MasterViewController.m in Sources */ = {isa = PBXBuildFile; fileRef = A724D7971A191BEE0041A04A /* MasterViewController.m */; };
		A724D79B1A191BEE0041A04A /* DetailViewController.m in Sources */ = {isa = PBXBuildFile; fileRef = A724D79A1A191BEE0041A04A /* DetailViewController.m */; };
		A724D79E1A191BEE0041A04A /* Main.storyboard in Resources */ = {isa = PBXBuildFile; fileRef = A724D79C1A191BEE0041A04A /* Main.storyboard */; };
		A724D7A01A191BEE0041A04A /* Images.xcassets in Resources */ = {isa = PBXBuildFile; fileRef = A724D79F1A191BEE0041A04A /* Images.xcassets */; };
		A724D7A31A191BEE0041A04A /* LaunchScreen.xib in Resources */ = {isa = PBXBuildFile; fileRef = A724D7A11A191BEE0041A04A /* LaunchScreen.xib */; };
		A724D7BE1A194A720041A04A /* AMTTaskView.m in Sources */ = {isa = PBXBuildFile; fileRef = A724D7BD1A194A720041A04A /* AMTTaskView.m */; };
		A724D7C11A194C8E0041A04A /* AMTCoreDataStack.m in Sources */ = {isa = PBXBuildFile; fileRef = A724D7C01A194C8E0041A04A /* AMTCoreDataStack.m */; };
		A724D7C41A194D480041A04A /* AMTEstherModel.xcdatamodeld in Sources */ = {isa = PBXBuildFile; fileRef = A724D7C21A194D480041A04A /* AMTEstherModel.xcdatamodeld */; };
		A7320FC31A1F6D8B00C3A125 /* NewMainTaskViewController.m in Sources */ = {isa = PBXBuildFile; fileRef = A7320FC21A1F6D8B00C3A125 /* NewMainTaskViewController.m */; };
		A73F66C61A24B9D600D98F6D /* Esther_Logo.png in Resources */ = {isa = PBXBuildFile; fileRef = A73F66C51A24B9D600D98F6D /* Esther_Logo.png */; };
		A76048741A26A930003897F9 /* Logo_Keydi.png in Resources */ = {isa = PBXBuildFile; fileRef = A76048731A26A930003897F9 /* Logo_Keydi.png */; };
		A76876911A1A502E001BDF01 /* AMTGlobalTaskView.m in Sources */ = {isa = PBXBuildFile; fileRef = A76876901A1A502E001BDF01 /* AMTGlobalTaskView.m */; };
		A77D0A611A2349EB00F5216D /* NewSubTaskViewController.m in Sources */ = {isa = PBXBuildFile; fileRef = A77D0A601A2349EB00F5216D /* NewSubTaskViewController.m */; };
		A77D0A641A2353C200F5216D /* AMTTimePickerView.m in Sources */ = {isa = PBXBuildFile; fileRef = A77D0A631A2353C200F5216D /* AMTTimePickerView.m */; };
		A77D0A661A23788700F5216D /* MapKit.framework in Frameworks */ = {isa = PBXBuildFile; fileRef = A77D0A651A23788700F5216D /* MapKit.framework */; };
		A78B2B051A1EBFD400D6E0C4 /* SettingsViewController.m in Sources */ = {isa = PBXBuildFile; fileRef = A78B2B041A1EBFD400D6E0C4 /* SettingsViewController.m */; };
		A7A1F1CA1A25E4E700995FE0 /* backgoundSettings.png in Resources */ = {isa = PBXBuildFile; fileRef = A7A1F1C91A25E4E700995FE0 /* backgoundSettings.png */; };
		A7A1F1CC1A25E5CD00995FE0 /* backgoundSettingsPlain.png in Resources */ = {isa = PBXBuildFile; fileRef = A7A1F1CB1A25E5CD00995FE0 /* backgoundSettingsPlain.png */; };
		A7C802B91A21350A00D8180E /* Custom.storyboard in Resources */ = {isa = PBXBuildFile; fileRef = A7C802B81A21350A00D8180E /* Custom.storyboard */; };
		A7C802BC1A213FA500D8180E /* Cell.m in Sources */ = {isa = PBXBuildFile; fileRef = A7C802BB1A213FA500D8180E /* Cell.m */; };
		A7C802CA1A213FB000D8180E /* LSCollectionViewHelper.m in Sources */ = {isa = PBXBuildFile; fileRef = A7C802C01A213FB000D8180E /* LSCollectionViewHelper.m */; };
		A7C802CB1A213FB000D8180E /* LSCollectionViewLayoutHelper.m in Sources */ = {isa = PBXBuildFile; fileRef = A7C802C21A213FB000D8180E /* LSCollectionViewLayoutHelper.m */; };
		A7C802CC1A213FB000D8180E /* DraggableCollectionViewFlowLayout.m in Sources */ = {isa = PBXBuildFile; fileRef = A7C802C51A213FB000D8180E /* DraggableCollectionViewFlowLayout.m */; };
		A7C802CD1A213FB000D8180E /* UICollectionView+Draggable.m in Sources */ = {isa = PBXBuildFile; fileRef = A7C802C71A213FB000D8180E /* UICollectionView+Draggable.m */; };
		A7C802D01A213FC300D8180E /* MainTaskViewController.m in Sources */ = {isa = PBXBuildFile; fileRef = A7C802CF1A213FC300D8180E /* MainTaskViewController.m */; };
		A7CA23651A1CF639001F6F99 /* _MainTask.m in Sources */ = {isa = PBXBuildFile; fileRef = A7CA235E1A1CF639001F6F99 /* _MainTask.m */; };
		A7CA23661A1CF639001F6F99 /* _SubTask.m in Sources */ = {isa = PBXBuildFile; fileRef = A7CA23601A1CF639001F6F99 /* _SubTask.m */; };
		A7CA23671A1CF639001F6F99 /* MainTask.m in Sources */ = {isa = PBXBuildFile; fileRef = A7CA23621A1CF639001F6F99 /* MainTask.m */; };
		A7CA23681A1CF639001F6F99 /* SubTask.m in Sources */ = {isa = PBXBuildFile; fileRef = A7CA23641A1CF639001F6F99 /* SubTask.m */; };
		A7CDA6C91A1DF7A900FBFD32 /* MainTaskCoreDataTests.m in Sources */ = {isa = PBXBuildFile; fileRef = A7CDA6C81A1DF7A900FBFD32 /* MainTaskCoreDataTests.m */; };
/* End PBXBuildFile section */

/* Begin PBXContainerItemProxy section */
		A724D7A91A191BEE0041A04A /* PBXContainerItemProxy */ = {
			isa = PBXContainerItemProxy;
			containerPortal = A724D7841A191BEE0041A04A /* Project object */;
			proxyType = 1;
			remoteGlobalIDString = A724D78B1A191BEE0041A04A;
			remoteInfo = Esther;
		};
/* End PBXContainerItemProxy section */

/* Begin PBXFileReference section */
		49847BEC205CA3FBD6A72EC5 /* Pods-Esther.release.xcconfig */ = {isa = PBXFileReference; includeInIndex = 1; lastKnownFileType = text.xcconfig; name = "Pods-Esther.release.xcconfig"; path = "Pods/Target Support Files/Pods-Esther/Pods-Esther.release.xcconfig"; sourceTree = "<group>"; };
		A2C3E094C6DBC62EF8C309FF /* libPods-Esther.a */ = {isa = PBXFileReference; explicitFileType = archive.ar; includeInIndex = 0; path = "libPods-Esther.a"; sourceTree = BUILT_PRODUCTS_DIR; };
		A717E8691A2661A700681DEC /* EstherLaunchScreen.png */ = {isa = PBXFileReference; lastKnownFileType = image.png; path = EstherLaunchScreen.png; sourceTree = "<group>"; };
		A724D78C1A191BEE0041A04A /* Esther.app */ = {isa = PBXFileReference; explicitFileType = wrapper.application; includeInIndex = 0; path = Esther.app; sourceTree = BUILT_PRODUCTS_DIR; };
		A724D7901A191BEE0041A04A /* Info.plist */ = {isa = PBXFileReference; lastKnownFileType = text.plist.xml; path = Info.plist; sourceTree = "<group>"; };
		A724D7911A191BEE0041A04A /* main.m */ = {isa = PBXFileReference; lastKnownFileType = sourcecode.c.objc; path = main.m; sourceTree = "<group>"; };
		A724D7931A191BEE0041A04A /* AppDelegate.h */ = {isa = PBXFileReference; lastKnownFileType = sourcecode.c.h; path = AppDelegate.h; sourceTree = "<group>"; };
		A724D7941A191BEE0041A04A /* AppDelegate.m */ = {isa = PBXFileReference; lastKnownFileType = sourcecode.c.objc; path = AppDelegate.m; sourceTree = "<group>"; };
		A724D7961A191BEE0041A04A /* MasterViewController.h */ = {isa = PBXFileReference; lastKnownFileType = sourcecode.c.h; path = MasterViewController.h; sourceTree = "<group>"; };
		A724D7971A191BEE0041A04A /* MasterViewController.m */ = {isa = PBXFileReference; lastKnownFileType = sourcecode.c.objc; path = MasterViewController.m; sourceTree = "<group>"; };
		A724D7991A191BEE0041A04A /* DetailViewController.h */ = {isa = PBXFileReference; lastKnownFileType = sourcecode.c.h; name = DetailViewController.h; path = ../Controller/DetailViewController.h; sourceTree = "<group>"; };
		A724D79A1A191BEE0041A04A /* DetailViewController.m */ = {isa = PBXFileReference; lastKnownFileType = sourcecode.c.objc; name = DetailViewController.m; path = ../Controller/DetailViewController.m; sourceTree = "<group>"; };
		A724D79D1A191BEE0041A04A /* Base */ = {isa = PBXFileReference; lastKnownFileType = file.storyboard; name = Base; path = Base.lproj/Main.storyboard; sourceTree = "<group>"; };
		A724D79F1A191BEE0041A04A /* Images.xcassets */ = {isa = PBXFileReference; lastKnownFileType = folder.assetcatalog; path = Images.xcassets; sourceTree = "<group>"; };
		A724D7A21A191BEE0041A04A /* Base */ = {isa = PBXFileReference; lastKnownFileType = file.xib; name = Base; path = Base.lproj/LaunchScreen.xib; sourceTree = "<group>"; };
		A724D7A81A191BEE0041A04A /* EstherTests.xctest */ = {isa = PBXFileReference; explicitFileType = wrapper.cfbundle; includeInIndex = 0; path = EstherTests.xctest; sourceTree = BUILT_PRODUCTS_DIR; };
		A724D7AD1A191BEE0041A04A /* Info.plist */ = {isa = PBXFileReference; lastKnownFileType = text.plist.xml; path = Info.plist; sourceTree = "<group>"; };
		A724D7BC1A194A720041A04A /* AMTTaskView.h */ = {isa = PBXFileReference; fileEncoding = 4; lastKnownFileType = sourcecode.c.h; name = AMTTaskView.h; path = ../View/AMTTaskView.h; sourceTree = "<group>"; };
		A724D7BD1A194A720041A04A /* AMTTaskView.m */ = {isa = PBXFileReference; fileEncoding = 4; lastKnownFileType = sourcecode.c.objc; name = AMTTaskView.m; path = ../View/AMTTaskView.m; sourceTree = "<group>"; };
		A724D7BF1A194C8E0041A04A /* AMTCoreDataStack.h */ = {isa = PBXFileReference; fileEncoding = 4; lastKnownFileType = sourcecode.c.h; name = AMTCoreDataStack.h; path = ../AMTCoreDataStack.h; sourceTree = "<group>"; };
		A724D7C01A194C8E0041A04A /* AMTCoreDataStack.m */ = {isa = PBXFileReference; fileEncoding = 4; lastKnownFileType = sourcecode.c.objc; name = AMTCoreDataStack.m; path = ../AMTCoreDataStack.m; sourceTree = "<group>"; };
		A724D7C31A194D480041A04A /* AMTEstherModel.xcdatamodel */ = {isa = PBXFileReference; lastKnownFileType = wrapper.xcdatamodel; path = AMTEstherModel.xcdatamodel; sourceTree = "<group>"; };
		A724D7D31A1957120041A04A /* AMTEstherModel 2.xcdatamodel */ = {isa = PBXFileReference; lastKnownFileType = wrapper.xcdatamodel; path = "AMTEstherModel 2.xcdatamodel"; sourceTree = "<group>"; };
		A7320FC11A1F6D8B00C3A125 /* NewMainTaskViewController.h */ = {isa = PBXFileReference; fileEncoding = 4; lastKnownFileType = sourcecode.c.h; path = NewMainTaskViewController.h; sourceTree = "<group>"; };
		A7320FC21A1F6D8B00C3A125 /* NewMainTaskViewController.m */ = {isa = PBXFileReference; fileEncoding = 4; lastKnownFileType = sourcecode.c.objc; path = NewMainTaskViewController.m; sourceTree = "<group>"; };
		A738000E1A225DE8009A27B5 /* AMTEstherModel 3.xcdatamodel */ = {isa = PBXFileReference; lastKnownFileType = wrapper.xcdatamodel; path = "AMTEstherModel 3.xcdatamodel"; sourceTree = "<group>"; };
		A73F66C51A24B9D600D98F6D /* Esther_Logo.png */ = {isa = PBXFileReference; lastKnownFileType = image.png; path = Esther_Logo.png; sourceTree = "<group>"; };
		A76048731A26A930003897F9 /* Logo_Keydi.png */ = {isa = PBXFileReference; lastKnownFileType = image.png; path = Logo_Keydi.png; sourceTree = "<group>"; };
		A768768F1A1A502E001BDF01 /* AMTGlobalTaskView.h */ = {isa = PBXFileReference; fileEncoding = 4; lastKnownFileType = sourcecode.c.h; name = AMTGlobalTaskView.h; path = ../View/AMTGlobalTaskView.h; sourceTree = "<group>"; };
		A76876901A1A502E001BDF01 /* AMTGlobalTaskView.m */ = {isa = PBXFileReference; fileEncoding = 4; lastKnownFileType = sourcecode.c.objc; name = AMTGlobalTaskView.m; path = ../View/AMTGlobalTaskView.m; sourceTree = "<group>"; };
		A77D0A5F1A2349EB00F5216D /* NewSubTaskViewController.h */ = {isa = PBXFileReference; fileEncoding = 4; lastKnownFileType = sourcecode.c.h; path = NewSubTaskViewController.h; sourceTree = "<group>"; };
		A77D0A601A2349EB00F5216D /* NewSubTaskViewController.m */ = {isa = PBXFileReference; fileEncoding = 4; lastKnownFileType = sourcecode.c.objc; path = NewSubTaskViewController.m; sourceTree = "<group>"; };
		A77D0A621A2353C200F5216D /* AMTTimePickerView.h */ = {isa = PBXFileReference; fileEncoding = 4; lastKnownFileType = sourcecode.c.h; path = AMTTimePickerView.h; sourceTree = "<group>"; };
		A77D0A631A2353C200F5216D /* AMTTimePickerView.m */ = {isa = PBXFileReference; fileEncoding = 4; lastKnownFileType = sourcecode.c.objc; path = AMTTimePickerView.m; sourceTree = "<group>"; };
		A77D0A651A23788700F5216D /* MapKit.framework */ = {isa = PBXFileReference; lastKnownFileType = wrapper.framework; name = MapKit.framework; path = System/Library/Frameworks/MapKit.framework; sourceTree = SDKROOT; };
		A78B2B031A1EBFD400D6E0C4 /* SettingsViewController.h */ = {isa = PBXFileReference; fileEncoding = 4; lastKnownFileType = sourcecode.c.h; path = SettingsViewController.h; sourceTree = "<group>"; };
		A78B2B041A1EBFD400D6E0C4 /* SettingsViewController.m */ = {isa = PBXFileReference; fileEncoding = 4; lastKnownFileType = sourcecode.c.objc; path = SettingsViewController.m; sourceTree = "<group>"; };
		A7A1F1C91A25E4E700995FE0 /* backgoundSettings.png */ = {isa = PBXFileReference; lastKnownFileType = image.png; path = backgoundSettings.png; sourceTree = "<group>"; };
		A7A1F1CB1A25E5CD00995FE0 /* backgoundSettingsPlain.png */ = {isa = PBXFileReference; lastKnownFileType = image.png; path = backgoundSettingsPlain.png; sourceTree = "<group>"; };
		A7C802B81A21350A00D8180E /* Custom.storyboard */ = {isa = PBXFileReference; fileEncoding = 4; lastKnownFileType = file.storyboard; path = Custom.storyboard; sourceTree = "<group>"; };
		A7C802BA1A213FA500D8180E /* Cell.h */ = {isa = PBXFileReference; fileEncoding = 4; lastKnownFileType = sourcecode.c.h; path = Cell.h; sourceTree = "<group>"; };
		A7C802BB1A213FA500D8180E /* Cell.m */ = {isa = PBXFileReference; fileEncoding = 4; lastKnownFileType = sourcecode.c.objc; path = Cell.m; sourceTree = "<group>"; };
		A7C802BF1A213FB000D8180E /* LSCollectionViewHelper.h */ = {isa = PBXFileReference; fileEncoding = 4; lastKnownFileType = sourcecode.c.h; path = LSCollectionViewHelper.h; sourceTree = "<group>"; };
		A7C802C01A213FB000D8180E /* LSCollectionViewHelper.m */ = {isa = PBXFileReference; fileEncoding = 4; lastKnownFileType = sourcecode.c.objc; path = LSCollectionViewHelper.m; sourceTree = "<group>"; };
		A7C802C11A213FB000D8180E /* LSCollectionViewLayoutHelper.h */ = {isa = PBXFileReference; fileEncoding = 4; lastKnownFileType = sourcecode.c.h; path = LSCollectionViewLayoutHelper.h; sourceTree = "<group>"; };
		A7C802C21A213FB000D8180E /* LSCollectionViewLayoutHelper.m */ = {isa = PBXFileReference; fileEncoding = 4; lastKnownFileType = sourcecode.c.objc; path = LSCollectionViewLayoutHelper.m; sourceTree = "<group>"; };
		A7C802C41A213FB000D8180E /* DraggableCollectionViewFlowLayout.h */ = {isa = PBXFileReference; fileEncoding = 4; lastKnownFileType = sourcecode.c.h; path = DraggableCollectionViewFlowLayout.h; sourceTree = "<group>"; };
		A7C802C51A213FB000D8180E /* DraggableCollectionViewFlowLayout.m */ = {isa = PBXFileReference; fileEncoding = 4; lastKnownFileType = sourcecode.c.objc; path = DraggableCollectionViewFlowLayout.m; sourceTree = "<group>"; };
		A7C802C61A213FB000D8180E /* UICollectionView+Draggable.h */ = {isa = PBXFileReference; fileEncoding = 4; lastKnownFileType = sourcecode.c.h; path = "UICollectionView+Draggable.h"; sourceTree = "<group>"; };
		A7C802C71A213FB000D8180E /* UICollectionView+Draggable.m */ = {isa = PBXFileReference; fileEncoding = 4; lastKnownFileType = sourcecode.c.objc; path = "UICollectionView+Draggable.m"; sourceTree = "<group>"; };
		A7C802C81A213FB000D8180E /* UICollectionViewDataSource_Draggable.h */ = {isa = PBXFileReference; fileEncoding = 4; lastKnownFileType = sourcecode.c.h; path = UICollectionViewDataSource_Draggable.h; sourceTree = "<group>"; };
		A7C802C91A213FB000D8180E /* UICollectionViewLayout_Warpable.h */ = {isa = PBXFileReference; fileEncoding = 4; lastKnownFileType = sourcecode.c.h; path = UICollectionViewLayout_Warpable.h; sourceTree = "<group>"; };
		A7C802CE1A213FC300D8180E /* MainTaskViewController.h */ = {isa = PBXFileReference; fileEncoding = 4; lastKnownFileType = sourcecode.c.h; path = MainTaskViewController.h; sourceTree = "<group>"; };
		A7C802CF1A213FC300D8180E /* MainTaskViewController.m */ = {isa = PBXFileReference; fileEncoding = 4; lastKnownFileType = sourcecode.c.objc; path = MainTaskViewController.m; sourceTree = "<group>"; };
		A7CA235D1A1CF639001F6F99 /* _MainTask.h */ = {isa = PBXFileReference; fileEncoding = 4; lastKnownFileType = sourcecode.c.h; path = _MainTask.h; sourceTree = "<group>"; };
		A7CA235E1A1CF639001F6F99 /* _MainTask.m */ = {isa = PBXFileReference; fileEncoding = 4; lastKnownFileType = sourcecode.c.objc; path = _MainTask.m; sourceTree = "<group>"; };
		A7CA235F1A1CF639001F6F99 /* _SubTask.h */ = {isa = PBXFileReference; fileEncoding = 4; lastKnownFileType = sourcecode.c.h; path = _SubTask.h; sourceTree = "<group>"; };
		A7CA23601A1CF639001F6F99 /* _SubTask.m */ = {isa = PBXFileReference; fileEncoding = 4; lastKnownFileType = sourcecode.c.objc; path = _SubTask.m; sourceTree = "<group>"; };
		A7CA23611A1CF639001F6F99 /* MainTask.h */ = {isa = PBXFileReference; fileEncoding = 4; lastKnownFileType = sourcecode.c.h; path = MainTask.h; sourceTree = "<group>"; };
		A7CA23621A1CF639001F6F99 /* MainTask.m */ = {isa = PBXFileReference; fileEncoding = 4; lastKnownFileType = sourcecode.c.objc; path = MainTask.m; sourceTree = "<group>"; };
		A7CA23631A1CF639001F6F99 /* SubTask.h */ = {isa = PBXFileReference; fileEncoding = 4; lastKnownFileType = sourcecode.c.h; path = SubTask.h; sourceTree = "<group>"; };
		A7CA23641A1CF639001F6F99 /* SubTask.m */ = {isa = PBXFileReference; fileEncoding = 4; lastKnownFileType = sourcecode.c.objc; path = SubTask.m; sourceTree = "<group>"; };
		A7CDA6C81A1DF7A900FBFD32 /* MainTaskCoreDataTests.m */ = {isa = PBXFileReference; fileEncoding = 4; lastKnownFileType = sourcecode.c.objc; path = MainTaskCoreDataTests.m; sourceTree = "<group>"; };
		E961528D90D8E5BFDEA4F0BA /* Pods-Esther.debug.xcconfig */ = {isa = PBXFileReference; includeInIndex = 1; lastKnownFileType = text.xcconfig; name = "Pods-Esther.debug.xcconfig"; path = "Pods/Target Support Files/Pods-Esther/Pods-Esther.debug.xcconfig"; sourceTree = "<group>"; };
/* End PBXFileReference section */

/* Begin PBXFrameworksBuildPhase section */
		A724D7891A191BEE0041A04A /* Frameworks */ = {
			isa = PBXFrameworksBuildPhase;
			buildActionMask = 2147483647;
			files = (
				A77D0A661A23788700F5216D /* MapKit.framework in Frameworks */,
				8F2AAEC8AFCBE5369483B074 /* libPods-Esther.a in Frameworks */,
			);
			runOnlyForDeploymentPostprocessing = 0;
		};
		A724D7A51A191BEE0041A04A /* Frameworks */ = {
			isa = PBXFrameworksBuildPhase;
			buildActionMask = 2147483647;
			files = (
			);
			runOnlyForDeploymentPostprocessing = 0;
		};
/* End PBXFrameworksBuildPhase section */

/* Begin PBXGroup section */
		A717E8681A26607000681DEC /* OldStuff */ = {
			isa = PBXGroup;
			children = (
				A724D7BC1A194A720041A04A /* AMTTaskView.h */,
				A724D7BD1A194A720041A04A /* AMTTaskView.m */,
				A768768F1A1A502E001BDF01 /* AMTGlobalTaskView.h */,
				A76876901A1A502E001BDF01 /* AMTGlobalTaskView.m */,
				A724D7991A191BEE0041A04A /* DetailViewController.h */,
				A724D79A1A191BEE0041A04A /* DetailViewController.m */,
				A724D79C1A191BEE0041A04A /* Main.storyboard */,
			);
			name = OldStuff;
			sourceTree = "<group>";
		};
		A724D7831A191BEE0041A04A = {
			isa = PBXGroup;
			children = (
				A724D78E1A191BEE0041A04A /* Esther */,
				A724D7AB1A191BEE0041A04A /* EstherTests */,
				A724D78D1A191BEE0041A04A /* Products */,
				CF11E195FB1771936B2EE7A1 /* Pods */,
				A771625C2DC3AADC89CAF0BC /* Frameworks */,
			);
			sourceTree = "<group>";
		};
		A724D78D1A191BEE0041A04A /* Products */ = {
			isa = PBXGroup;
			children = (
				A724D78C1A191BEE0041A04A /* Esther.app */,
				A724D7A81A191BEE0041A04A /* EstherTests.xctest */,
			);
			name = Products;
			sourceTree = "<group>";
		};
		A724D78E1A191BEE0041A04A /* Esther */ = {
			isa = PBXGroup;
			children = (
				A7C802BD1A213FB000D8180E /* DraggableCollectionView */,
				A724D7B81A191BFB0041A04A /* Model */,
				A724D7B91A191C0D0041A04A /* Controller */,
				A724D7BB1A191C280041A04A /* View */,
				A724D7BA1A191C1E0041A04A /* Resources */,
				A724D78F1A191BEE0041A04A /* Supporting Files */,
			);
			path = Esther;
			sourceTree = "<group>";
		};
		A724D78F1A191BEE0041A04A /* Supporting Files */ = {
			isa = PBXGroup;
			children = (
				A724D7931A191BEE0041A04A /* AppDelegate.h */,
				A724D7941A191BEE0041A04A /* AppDelegate.m */,
				A724D7901A191BEE0041A04A /* Info.plist */,
				A724D7911A191BEE0041A04A /* main.m */,
				A717E8681A26607000681DEC /* OldStuff */,
			);
			path = "Supporting Files";
			sourceTree = "<group>";
		};
		A724D7AB1A191BEE0041A04A /* EstherTests */ = {
			isa = PBXGroup;
			children = (
				A724D7AC1A191BEE0041A04A /* Supporting Files */,
				A7CDA6C81A1DF7A900FBFD32 /* MainTaskCoreDataTests.m */,
			);
			path = EstherTests;
			sourceTree = "<group>";
		};
		A724D7AC1A191BEE0041A04A /* Supporting Files */ = {
			isa = PBXGroup;
			children = (
				A724D7AD1A191BEE0041A04A /* Info.plist */,
			);
			path = "Supporting Files";
			sourceTree = "<group>";
		};
		A724D7B81A191BFB0041A04A /* Model */ = {
			isa = PBXGroup;
			children = (
				A7CA23611A1CF639001F6F99 /* MainTask.h */,
				A7CA23621A1CF639001F6F99 /* MainTask.m */,
				A7CA235D1A1CF639001F6F99 /* _MainTask.h */,
				A7CA235E1A1CF639001F6F99 /* _MainTask.m */,
				A7CA23631A1CF639001F6F99 /* SubTask.h */,
				A7CA23641A1CF639001F6F99 /* SubTask.m */,
				A7CA235F1A1CF639001F6F99 /* _SubTask.h */,
				A7CA23601A1CF639001F6F99 /* _SubTask.m */,
				A724D7BF1A194C8E0041A04A /* AMTCoreDataStack.h */,
				A724D7C01A194C8E0041A04A /* AMTCoreDataStack.m */,
				A724D7C21A194D480041A04A /* AMTEstherModel.xcdatamodeld */,
			);
			path = Model;
			sourceTree = "<group>";
		};
		A724D7B91A191C0D0041A04A /* Controller */ = {
			isa = PBXGroup;
			children = (
				A7C802CE1A213FC300D8180E /* MainTaskViewController.h */,
				A7C802CF1A213FC300D8180E /* MainTaskViewController.m */,
				A724D7961A191BEE0041A04A /* MasterViewController.h */,
				A724D7971A191BEE0041A04A /* MasterViewController.m */,
				A78B2B031A1EBFD400D6E0C4 /* SettingsViewController.h */,
				A78B2B041A1EBFD400D6E0C4 /* SettingsViewController.m */,
				A7320FC11A1F6D8B00C3A125 /* NewMainTaskViewController.h */,
				A7320FC21A1F6D8B00C3A125 /* NewMainTaskViewController.m */,
				A77D0A5F1A2349EB00F5216D /* NewSubTaskViewController.h */,
				A77D0A601A2349EB00F5216D /* NewSubTaskViewController.m */,
			);
			path = Controller;
			sourceTree = "<group>";
		};
		A724D7BA1A191C1E0041A04A /* Resources */ = {
			isa = PBXGroup;
			children = (
				A76048731A26A930003897F9 /* Logo_Keydi.png */,
				A7A1F1C91A25E4E700995FE0 /* backgoundSettings.png */,
				A717E8691A2661A700681DEC /* EstherLaunchScreen.png */,
				A7A1F1CB1A25E5CD00995FE0 /* backgoundSettingsPlain.png */,
				A73F66C51A24B9D600D98F6D /* Esther_Logo.png */,
				A724D79F1A191BEE0041A04A /* Images.xcassets */,
			);
			path = Resources;
			sourceTree = "<group>";
		};
		A724D7BB1A191C280041A04A /* View */ = {
			isa = PBXGroup;
			children = (
				A7C802B81A21350A00D8180E /* Custom.storyboard */,
				A724D7A11A191BEE0041A04A /* LaunchScreen.xib */,
				A7C802BA1A213FA500D8180E /* Cell.h */,
				A7C802BB1A213FA500D8180E /* Cell.m */,
				A77D0A621A2353C200F5216D /* AMTTimePickerView.h */,
				A77D0A631A2353C200F5216D /* AMTTimePickerView.m */,
			);
			path = View;
			sourceTree = "<group>";
		};
		A771625C2DC3AADC89CAF0BC /* Frameworks */ = {
			isa = PBXGroup;
			children = (
				A77D0A651A23788700F5216D /* MapKit.framework */,
				A2C3E094C6DBC62EF8C309FF /* libPods-Esther.a */,
			);
			name = Frameworks;
			sourceTree = "<group>";
		};
		A7C802BD1A213FB000D8180E /* DraggableCollectionView */ = {
			isa = PBXGroup;
			children = (
				A7C802BE1A213FB000D8180E /* Helpers */,
				A7C802C31A213FB000D8180E /* Layout */,
				A7C802C61A213FB000D8180E /* UICollectionView+Draggable.h */,
				A7C802C71A213FB000D8180E /* UICollectionView+Draggable.m */,
				A7C802C81A213FB000D8180E /* UICollectionViewDataSource_Draggable.h */,
				A7C802C91A213FB000D8180E /* UICollectionViewLayout_Warpable.h */,
			);
			path = DraggableCollectionView;
			sourceTree = "<group>";
		};
		A7C802BE1A213FB000D8180E /* Helpers */ = {
			isa = PBXGroup;
			children = (
				A7C802BF1A213FB000D8180E /* LSCollectionViewHelper.h */,
				A7C802C01A213FB000D8180E /* LSCollectionViewHelper.m */,
				A7C802C11A213FB000D8180E /* LSCollectionViewLayoutHelper.h */,
				A7C802C21A213FB000D8180E /* LSCollectionViewLayoutHelper.m */,
			);
			path = Helpers;
			sourceTree = "<group>";
		};
		A7C802C31A213FB000D8180E /* Layout */ = {
			isa = PBXGroup;
			children = (
				A7C802C41A213FB000D8180E /* DraggableCollectionViewFlowLayout.h */,
				A7C802C51A213FB000D8180E /* DraggableCollectionViewFlowLayout.m */,
			);
			path = Layout;
			sourceTree = "<group>";
		};
		CF11E195FB1771936B2EE7A1 /* Pods */ = {
			isa = PBXGroup;
			children = (
				E961528D90D8E5BFDEA4F0BA /* Pods-Esther.debug.xcconfig */,
				49847BEC205CA3FBD6A72EC5 /* Pods-Esther.release.xcconfig */,
			);
			name = Pods;
			sourceTree = "<group>";
		};
/* End PBXGroup section */

/* Begin PBXNativeTarget section */
		A724D78B1A191BEE0041A04A /* Esther */ = {
			isa = PBXNativeTarget;
			buildConfigurationList = A724D7B21A191BEE0041A04A /* Build configuration list for PBXNativeTarget "Esther" */;
			buildPhases = (
				FFE35F60F1CE1BF51740F1BA /* Check Pods Manifest.lock */,
				A724D7881A191BEE0041A04A /* Sources */,
				A724D7891A191BEE0041A04A /* Frameworks */,
				A724D78A1A191BEE0041A04A /* Resources */,
				D26522E6747E0F7B07EF7681 /* Copy Pods Resources */,
			);
			buildRules = (
			);
			dependencies = (
			);
			name = Esther;
			productName = Esther;
			productReference = A724D78C1A191BEE0041A04A /* Esther.app */;
			productType = "com.apple.product-type.application";
		};
		A724D7A71A191BEE0041A04A /* EstherTests */ = {
			isa = PBXNativeTarget;
			buildConfigurationList = A724D7B51A191BEE0041A04A /* Build configuration list for PBXNativeTarget "EstherTests" */;
			buildPhases = (
				A724D7A41A191BEE0041A04A /* Sources */,
				A724D7A51A191BEE0041A04A /* Frameworks */,
				A724D7A61A191BEE0041A04A /* Resources */,
			);
			buildRules = (
			);
			dependencies = (
				A724D7AA1A191BEE0041A04A /* PBXTargetDependency */,
			);
			name = EstherTests;
			productName = EstherTests;
			productReference = A724D7A81A191BEE0041A04A /* EstherTests.xctest */;
			productType = "com.apple.product-type.bundle.unit-test";
		};
/* End PBXNativeTarget section */

/* Begin PBXProject section */
		A724D7841A191BEE0041A04A /* Project object */ = {
			isa = PBXProject;
			attributes = {
				LastUpgradeCheck = 0610;
				ORGANIZATIONNAME = Alessandro;
				TargetAttributes = {
					A724D78B1A191BEE0041A04A = {
						CreatedOnToolsVersion = 6.1;
						SystemCapabilities = {
							com.apple.Maps.iOS = {
								enabled = 1;
							};
						};
					};
					A724D7A71A191BEE0041A04A = {
						CreatedOnToolsVersion = 6.1;
						TestTargetID = A724D78B1A191BEE0041A04A;
					};
					A724D7C81A1954DD0041A04A = {
						CreatedOnToolsVersion = 6.1;
					};
				};
			};
			buildConfigurationList = A724D7871A191BEE0041A04A /* Build configuration list for PBXProject "Esther" */;
			compatibilityVersion = "Xcode 3.2";
			developmentRegion = English;
			hasScannedForEncodings = 0;
			knownRegions = (
				en,
				Base,
			);
			mainGroup = A724D7831A191BEE0041A04A;
			productRefGroup = A724D78D1A191BEE0041A04A /* Products */;
			projectDirPath = "";
			projectRoot = "";
			targets = (
				A724D78B1A191BEE0041A04A /* Esther */,
				A724D7A71A191BEE0041A04A /* EstherTests */,
				A724D7C81A1954DD0041A04A /* Mogenerator */,
			);
		};
/* End PBXProject section */

/* Begin PBXResourcesBuildPhase section */
		A724D78A1A191BEE0041A04A /* Resources */ = {
			isa = PBXResourcesBuildPhase;
			buildActionMask = 2147483647;
			files = (
				A73F66C61A24B9D600D98F6D /* Esther_Logo.png in Resources */,
				A724D79E1A191BEE0041A04A /* Main.storyboard in Resources */,
				A76048741A26A930003897F9 /* Logo_Keydi.png in Resources */,
				A724D7A31A191BEE0041A04A /* LaunchScreen.xib in Resources */,
				A7A1F1CC1A25E5CD00995FE0 /* backgoundSettingsPlain.png in Resources */,
				A724D7A01A191BEE0041A04A /* Images.xcassets in Resources */,
				A7C802B91A21350A00D8180E /* Custom.storyboard in Resources */,
				A7A1F1CA1A25E4E700995FE0 /* backgoundSettings.png in Resources */,
				A717E86A1A2661A700681DEC /* EstherLaunchScreen.png in Resources */,
			);
			runOnlyForDeploymentPostprocessing = 0;
		};
		A724D7A61A191BEE0041A04A /* Resources */ = {
			isa = PBXResourcesBuildPhase;
			buildActionMask = 2147483647;
			files = (
			);
			runOnlyForDeploymentPostprocessing = 0;
		};
/* End PBXResourcesBuildPhase section */

/* Begin PBXShellScriptBuildPhase section */
		A724D7CC1A1954E60041A04A /* ShellScript */ = {
			isa = PBXShellScriptBuildPhase;
			buildActionMask = 2147483647;
			files = (
			);
			inputPaths = (
			);
			outputPaths = (
			);
			runOnlyForDeploymentPostprocessing = 0;
			shellPath = /bin/bash;
			shellScript = "mogenerator --template-var arc=true -O Esther/Model/ --model Esther/Model/AMTEstherModel.xcdatamodeld/";
		};
		D26522E6747E0F7B07EF7681 /* Copy Pods Resources */ = {
			isa = PBXShellScriptBuildPhase;
			buildActionMask = 2147483647;
			files = (
			);
			inputPaths = (
			);
			name = "Copy Pods Resources";
			outputPaths = (
			);
			runOnlyForDeploymentPostprocessing = 0;
			shellPath = /bin/sh;
			shellScript = "\"${SRCROOT}/Pods/Target Support Files/Pods-Esther/Pods-Esther-resources.sh\"\n";
			showEnvVarsInLog = 0;
		};
		FFE35F60F1CE1BF51740F1BA /* Check Pods Manifest.lock */ = {
			isa = PBXShellScriptBuildPhase;
			buildActionMask = 2147483647;
			files = (
			);
			inputPaths = (
			);
			name = "Check Pods Manifest.lock";
			outputPaths = (
			);
			runOnlyForDeploymentPostprocessing = 0;
			shellPath = /bin/sh;
			shellScript = "diff \"${PODS_ROOT}/../Podfile.lock\" \"${PODS_ROOT}/Manifest.lock\" > /dev/null\nif [[ $? != 0 ]] ; then\n    cat << EOM\nerror: The sandbox is not in sync with the Podfile.lock. Run 'pod install' or update your CocoaPods installation.\nEOM\n    exit 1\nfi\n";
			showEnvVarsInLog = 0;
		};
/* End PBXShellScriptBuildPhase section */

/* Begin PBXSourcesBuildPhase section */
		A724D7881A191BEE0041A04A /* Sources */ = {
			isa = PBXSourcesBuildPhase;
			buildActionMask = 2147483647;
			files = (
				A7C802CD1A213FB000D8180E /* UICollectionView+Draggable.m in Sources */,
				A724D7C11A194C8E0041A04A /* AMTCoreDataStack.m in Sources */,
				A7C802D01A213FC300D8180E /* MainTaskViewController.m in Sources */,
				A7320FC31A1F6D8B00C3A125 /* NewMainTaskViewController.m in Sources */,
				A76876911A1A502E001BDF01 /* AMTGlobalTaskView.m in Sources */,
				A724D7951A191BEE0041A04A /* AppDelegate.m in Sources */,
				A7CA23661A1CF639001F6F99 /* _SubTask.m in Sources */,
				A77D0A611A2349EB00F5216D /* NewSubTaskViewController.m in Sources */,
				A7C802BC1A213FA500D8180E /* Cell.m in Sources */,
				A7C802CC1A213FB000D8180E /* DraggableCollectionViewFlowLayout.m in Sources */,
				A724D7981A191BEE0041A04A /* MasterViewController.m in Sources */,
				A7CA23681A1CF639001F6F99 /* SubTask.m in Sources */,
				A724D7921A191BEE0041A04A /* main.m in Sources */,
				A7C802CB1A213FB000D8180E /* LSCollectionViewLayoutHelper.m in Sources */,
				A77D0A641A2353C200F5216D /* AMTTimePickerView.m in Sources */,
				A7C802CA1A213FB000D8180E /* LSCollectionViewHelper.m in Sources */,
				A7CA23671A1CF639001F6F99 /* MainTask.m in Sources */,
				A724D79B1A191BEE0041A04A /* DetailViewController.m in Sources */,
				A724D7C41A194D480041A04A /* AMTEstherModel.xcdatamodeld in Sources */,
				A7CA23651A1CF639001F6F99 /* _MainTask.m in Sources */,
				A724D7BE1A194A720041A04A /* AMTTaskView.m in Sources */,
				A78B2B051A1EBFD400D6E0C4 /* SettingsViewController.m in Sources */,
			);
			runOnlyForDeploymentPostprocessing = 0;
		};
		A724D7A41A191BEE0041A04A /* Sources */ = {
			isa = PBXSourcesBuildPhase;
			buildActionMask = 2147483647;
			files = (
				A7CDA6C91A1DF7A900FBFD32 /* MainTaskCoreDataTests.m in Sources */,
			);
			runOnlyForDeploymentPostprocessing = 0;
		};
/* End PBXSourcesBuildPhase section */

/* Begin PBXTargetDependency section */
		A724D7AA1A191BEE0041A04A /* PBXTargetDependency */ = {
			isa = PBXTargetDependency;
			target = A724D78B1A191BEE0041A04A /* Esther */;
			targetProxy = A724D7A91A191BEE0041A04A /* PBXContainerItemProxy */;
		};
/* End PBXTargetDependency section */

/* Begin PBXVariantGroup section */
		A724D79C1A191BEE0041A04A /* Main.storyboard */ = {
			isa = PBXVariantGroup;
			children = (
				A724D79D1A191BEE0041A04A /* Base */,
			);
			name = Main.storyboard;
			path = ../View;
			sourceTree = "<group>";
		};
		A724D7A11A191BEE0041A04A /* LaunchScreen.xib */ = {
			isa = PBXVariantGroup;
			children = (
				A724D7A21A191BEE0041A04A /* Base */,
			);
			name = LaunchScreen.xib;
			sourceTree = "<group>";
		};
/* End PBXVariantGroup section */

/* Begin XCBuildConfiguration section */
		A724D7B01A191BEE0041A04A /* Debug */ = {
			isa = XCBuildConfiguration;
			buildSettings = {
				ALWAYS_SEARCH_USER_PATHS = NO;
				CLANG_CXX_LANGUAGE_STANDARD = "gnu++0x";
				CLANG_CXX_LIBRARY = "libc++";
				CLANG_ENABLE_MODULES = YES;
				CLANG_ENABLE_OBJC_ARC = YES;
				CLANG_WARN_BOOL_CONVERSION = YES;
				CLANG_WARN_CONSTANT_CONVERSION = YES;
				CLANG_WARN_DIRECT_OBJC_ISA_USAGE = YES_ERROR;
				CLANG_WARN_EMPTY_BODY = YES;
				CLANG_WARN_ENUM_CONVERSION = YES;
				CLANG_WARN_INT_CONVERSION = YES;
				CLANG_WARN_OBJC_ROOT_CLASS = YES_ERROR;
				CLANG_WARN_UNREACHABLE_CODE = YES;
				CLANG_WARN__DUPLICATE_METHOD_MATCH = YES;
				"CODE_SIGN_IDENTITY[sdk=iphoneos*]" = "iPhone Developer";
				COPY_PHASE_STRIP = NO;
				ENABLE_STRICT_OBJC_MSGSEND = YES;
				GCC_C_LANGUAGE_STANDARD = gnu99;
				GCC_DYNAMIC_NO_PIC = NO;
				GCC_OPTIMIZATION_LEVEL = 0;
				GCC_PREPROCESSOR_DEFINITIONS = (
					"DEBUG=1",
					"$(inherited)",
				);
				GCC_SYMBOLS_PRIVATE_EXTERN = NO;
				GCC_WARN_64_TO_32_BIT_CONVERSION = YES;
				GCC_WARN_ABOUT_RETURN_TYPE = YES_ERROR;
				GCC_WARN_UNDECLARED_SELECTOR = YES;
				GCC_WARN_UNINITIALIZED_AUTOS = YES_AGGRESSIVE;
				GCC_WARN_UNUSED_FUNCTION = YES;
				GCC_WARN_UNUSED_VARIABLE = YES;
				IPHONEOS_DEPLOYMENT_TARGET = 8.1;
				MTL_ENABLE_DEBUG_INFO = YES;
				ONLY_ACTIVE_ARCH = YES;
				SDKROOT = iphoneos;
				TARGETED_DEVICE_FAMILY = "1,2";
			};
			name = Debug;
		};
		A724D7B11A191BEE0041A04A /* Release */ = {
			isa = XCBuildConfiguration;
			buildSettings = {
				ALWAYS_SEARCH_USER_PATHS = NO;
				CLANG_CXX_LANGUAGE_STANDARD = "gnu++0x";
				CLANG_CXX_LIBRARY = "libc++";
				CLANG_ENABLE_MODULES = YES;
				CLANG_ENABLE_OBJC_ARC = YES;
				CLANG_WARN_BOOL_CONVERSION = YES;
				CLANG_WARN_CONSTANT_CONVERSION = YES;
				CLANG_WARN_DIRECT_OBJC_ISA_USAGE = YES_ERROR;
				CLANG_WARN_EMPTY_BODY = YES;
				CLANG_WARN_ENUM_CONVERSION = YES;
				CLANG_WARN_INT_CONVERSION = YES;
				CLANG_WARN_OBJC_ROOT_CLASS = YES_ERROR;
				CLANG_WARN_UNREACHABLE_CODE = YES;
				CLANG_WARN__DUPLICATE_METHOD_MATCH = YES;
				"CODE_SIGN_IDENTITY[sdk=iphoneos*]" = "iPhone Developer";
				COPY_PHASE_STRIP = YES;
				ENABLE_NS_ASSERTIONS = NO;
				ENABLE_STRICT_OBJC_MSGSEND = YES;
				GCC_C_LANGUAGE_STANDARD = gnu99;
				GCC_WARN_64_TO_32_BIT_CONVERSION = YES;
				GCC_WARN_ABOUT_RETURN_TYPE = YES_ERROR;
				GCC_WARN_UNDECLARED_SELECTOR = YES;
				GCC_WARN_UNINITIALIZED_AUTOS = YES_AGGRESSIVE;
				GCC_WARN_UNUSED_FUNCTION = YES;
				GCC_WARN_UNUSED_VARIABLE = YES;
				IPHONEOS_DEPLOYMENT_TARGET = 8.1;
				MTL_ENABLE_DEBUG_INFO = NO;
				SDKROOT = iphoneos;
				TARGETED_DEVICE_FAMILY = "1,2";
				VALIDATE_PRODUCT = YES;
			};
			name = Release;
		};
		A724D7B31A191BEE0041A04A /* Debug */ = {
			isa = XCBuildConfiguration;
			baseConfigurationReference = E961528D90D8E5BFDEA4F0BA /* Pods-Esther.debug.xcconfig */;
			buildSettings = {
				ASSETCATALOG_COMPILER_APPICON_NAME = AppIcon;
				INFOPLIST_FILE = "Esther/Supporting Files/Info.plist";
				LD_RUNPATH_SEARCH_PATHS = "$(inherited) @executable_path/Frameworks";
				PRODUCT_NAME = "$(TARGET_NAME)";
			};
			name = Debug;
		};
		A724D7B41A191BEE0041A04A /* Release */ = {
			isa = XCBuildConfiguration;
			baseConfigurationReference = 49847BEC205CA3FBD6A72EC5 /* Pods-Esther.release.xcconfig */;
			buildSettings = {
				ASSETCATALOG_COMPILER_APPICON_NAME = AppIcon;
				INFOPLIST_FILE = "Esther/Supporting Files/Info.plist";
				LD_RUNPATH_SEARCH_PATHS = "$(inherited) @executable_path/Frameworks";
				PRODUCT_NAME = "$(TARGET_NAME)";
			};
			name = Release;
		};
		A724D7B61A191BEE0041A04A /* Debug */ = {
			isa = XCBuildConfiguration;
			buildSettings = {
				BUNDLE_LOADER = "$(TEST_HOST)";
				FRAMEWORK_SEARCH_PATHS = (
					"$(SDKROOT)/Developer/Library/Frameworks",
					"$(inherited)",
				);
				GCC_PREPROCESSOR_DEFINITIONS = (
					"DEBUG=1",
					"$(inherited)",
				);
				INFOPLIST_FILE = "EstherTests/Supporting Files/Info.plist";
				LD_RUNPATH_SEARCH_PATHS = "$(inherited) @executable_path/Frameworks @loader_path/Frameworks";
				PRODUCT_NAME = "$(TARGET_NAME)";
				TEST_HOST = "$(BUILT_PRODUCTS_DIR)/Esther.app/Esther";
			};
			name = Debug;
		};
		A724D7B71A191BEE0041A04A /* Release */ = {
			isa = XCBuildConfiguration;
			buildSettings = {
				BUNDLE_LOADER = "$(TEST_HOST)";
				FRAMEWORK_SEARCH_PATHS = (
					"$(SDKROOT)/Developer/Library/Frameworks",
					"$(inherited)",
				);
				INFOPLIST_FILE = "EstherTests/Supporting Files/Info.plist";
				LD_RUNPATH_SEARCH_PATHS = "$(inherited) @executable_path/Frameworks @loader_path/Frameworks";
				PRODUCT_NAME = "$(TARGET_NAME)";
				TEST_HOST = "$(BUILT_PRODUCTS_DIR)/Esther.app/Esther";
			};
			name = Release;
		};
		A724D7CA1A1954DE0041A04A /* Debug */ = {
			isa = XCBuildConfiguration;
			buildSettings = {
				PRODUCT_NAME = "$(TARGET_NAME)";
			};
			name = Debug;
		};
		A724D7CB1A1954DE0041A04A /* Release */ = {
			isa = XCBuildConfiguration;
			buildSettings = {
				PRODUCT_NAME = "$(TARGET_NAME)";
			};
			name = Release;
		};
/* End XCBuildConfiguration section */

/* Begin XCConfigurationList section */
		A724D7871A191BEE0041A04A /* Build configuration list for PBXProject "Esther" */ = {
			isa = XCConfigurationList;
			buildConfigurations = (
				A724D7B01A191BEE0041A04A /* Debug */,
				A724D7B11A191BEE0041A04A /* Release */,
			);
			defaultConfigurationIsVisible = 0;
			defaultConfigurationName = Release;
		};
		A724D7B21A191BEE0041A04A /* Build configuration list for PBXNativeTarget "Esther" */ = {
			isa = XCConfigurationList;
			buildConfigurations = (
				A724D7B31A191BEE0041A04A /* Debug */,
				A724D7B41A191BEE0041A04A /* Release */,
			);
			defaultConfigurationIsVisible = 0;
			defaultConfigurationName = Release;
		};
		A724D7B51A191BEE0041A04A /* Build configuration list for PBXNativeTarget "EstherTests" */ = {
			isa = XCConfigurationList;
			buildConfigurations = (
				A724D7B61A191BEE0041A04A /* Debug */,
				A724D7B71A191BEE0041A04A /* Release */,
			);
			defaultConfigurationIsVisible = 0;
			defaultConfigurationName = Release;
		};
		A724D7C91A1954DE0041A04A /* Build configuration list for PBXAggregateTarget "Mogenerator" */ = {
			isa = XCConfigurationList;
			buildConfigurations = (
				A724D7CA1A1954DE0041A04A /* Debug */,
				A724D7CB1A1954DE0041A04A /* Release */,
			);
			defaultConfigurationIsVisible = 0;
			defaultConfigurationName = Release;
		};
/* End XCConfigurationList section */

/* Begin XCVersionGroup section */
		A724D7C21A194D480041A04A /* AMTEstherModel.xcdatamodeld */ = {
			isa = XCVersionGroup;
			children = (
				A738000E1A225DE8009A27B5 /* AMTEstherModel 3.xcdatamodel */,
				A724D7D31A1957120041A04A /* AMTEstherModel 2.xcdatamodel */,
				A724D7C31A194D480041A04A /* AMTEstherModel.xcdatamodel */,
			);
			currentVersion = A724D7C31A194D480041A04A /* AMTEstherModel.xcdatamodel */;
			path = AMTEstherModel.xcdatamodeld;
			sourceTree = "<group>";
			versionGroupType = wrapper.xcdatamodel;
		};
/* End XCVersionGroup section */
	};
	rootObject = A724D7841A191BEE0041A04A /* Project object */;
}
